
Microsoft Visual Studio Solution File, Format Version 12.00
# Visual Studio Version 17
VisualStudioVersion = 17.6.33723.286
MinimumVisualStudioVersion = 10.0.40219.1
Project("{888888A0-9F3D-457C-B088-3A5042F75D52}") = "taxAI", "taxAI.pyproj", "{3B330BA6-E776-40B2-99E9-C760AA2140F4}"
EndProject
Global
	GlobalSection(SolutionConfigurationPlatforms) = preSolution
		Debug|Any CPU = Debug|Any CPU
		Release|Any CPU = Release|Any CPU
	EndGlobalSection
	GlobalSection(ProjectConfigurationPlatforms) = postSolution
		{3B330BA6-E776-40B2-99E9-C760AA2140F4}.Debug|Any CPU.ActiveCfg = Debug|Any CPU
		{3B330BA6-E776-40B2-99E9-C760AA2140F4}.Release|Any CPU.ActiveCfg = Release|Any CPU
	EndGlobalSection
	GlobalSection(SolutionProperties) = preSolution
		HideSolutionNode = FALSE
	EndGlobalSection
	GlobalSection(ExtensibilityGlobals) = postSolution
		SolutionGuid = {2DDC1827-56D5-4582-8E7D-1B49F6397F99}
	EndGlobalSection
EndGlobal
